
Microsoft Visual Studio Solution File, Format Version 12.00
# Visual Studio Version 17
VisualStudioVersion = 17.13.35806.99 d17.13
MinimumVisualStudioVersion = 10.0.40219.1
Project("{FAE04EC0-301F-11D3-BF4B-00C04F79EFBC}") = "aula vs01", "aula vs01.csproj", "{2A1F5FB3-997B-4E54-8EE7-9CAB9D2209FC}"
EndProject
Global
	GlobalSection(SolutionConfigurationPlatforms) = preSolution
		Debug|Any CPU = Debug|Any CPU
		Release|Any CPU = Release|Any CPU
	EndGlobalSection
	GlobalSection(ProjectConfigurationPlatforms) = postSolution
		{2A1F5FB3-997B-4E54-8EE7-9CAB9D2209FC}.Debug|Any CPU.ActiveCfg = Debug|Any CPU
		{2A1F5FB3-997B-4E54-8EE7-9CAB9D2209FC}.Debug|Any CPU.Build.0 = Debug|Any CPU
		{2A1F5FB3-997B-4E54-8EE7-9CAB9D2209FC}.Release|Any CPU.ActiveCfg = Release|Any CPU
		{2A1F5FB3-997B-4E54-8EE7-9CAB9D2209FC}.Release|Any CPU.Build.0 = Release|Any CPU
	EndGlobalSection
	GlobalSection(SolutionProperties) = preSolution
		HideSolutionNode = FALSE
	EndGlobalSection
	GlobalSection(ExtensibilityGlobals) = postSolution
		SolutionGuid = {C3ADB2AE-03BD-4765-B099-BC53124CF460}
	EndGlobalSection
EndGlobal
